
Microsoft Visual Studio Solution File, Format Version 12.00
# Visual Studio Version 17
VisualStudioVersion = 17.9.34723.18
MinimumVisualStudioVersion = 10.0.40219.1
Project("{2150E333-8FDC-42A3-9474-1A3956D46DE8}") = "Examples", "Examples", "{C1BA1805-50FD-4489-BE94-0FD1C3C7896D}"
EndProject
Project("{8BC9CEB8-8B4A-11D0-8D11-00A0C91BC942}") = "Name&Address", "Name&Address\Name&Address.vcxproj", "{2BFA931A-2478-49E2-BCB6-A33105A34D65}"
EndProject
Project("{8BC9CEB8-8B4A-11D0-8D11-00A0C91BC942}") = "LearningVariables", "LearningVariables\LearningVariables.vcxproj", "{6A46DB12-82D9-43F1-9DF5-A49C553AB35B}"
EndProject
Project("{8BC9CEB8-8B4A-11D0-8D11-00A0C91BC942}") = "GradeAverage", "GradeAverage\GradeAverage.vcxproj", "{38B4283B-6DBE-40F1-BD32-6F3F181EF18A}"
EndProject
Project("{8BC9CEB8-8B4A-11D0-8D11-00A0C91BC942}") = "MyAddress", "MyAddress\MyAddress.vcxproj", "{9CEEF103-F195-4314-9FF3-75BCA7ADEF25}"
EndProject
Project("{8BC9CEB8-8B4A-11D0-8D11-00A0C91BC942}") = "TotalRent", "TotalRent\TotalRent.vcxproj", "{0E5B3B26-4449-46D0-BB91-3063F820316F}"
EndProject
Project("{8BC9CEB8-8B4A-11D0-8D11-00A0C91BC942}") = "Name&Address pt.2", "Name&Address pt.2\Name&Address pt.2.vcxproj", "{BBEA938A-1539-4D52-BC6A-6A4F47BBA7D9}"
EndProject
Project("{8BC9CEB8-8B4A-11D0-8D11-00A0C91BC942}") = "PlantCost&Acres", "PlantCost&Acres\PlantCost&Acres.vcxproj", "{EE70A2FE-87DF-4DCD-BB19-92BB0624E8B4}"
EndProject
Project("{8BC9CEB8-8B4A-11D0-8D11-00A0C91BC942}") = "PositiveOrNegative", "PositiveOrNegative\PositiveOrNegative.vcxproj", "{636AD41C-7AE5-478D-B866-59988A8CDC1C}"
EndProject
Project("{8BC9CEB8-8B4A-11D0-8D11-00A0C91BC942}") = "HigherOrLower", "HigherOrLower\HigherOrLower.vcxproj", "{72092E50-5048-49E7-995B-C35C30736339}"
EndProject
Project("{8BC9CEB8-8B4A-11D0-8D11-00A0C91BC942}") = "LowerOrUpper", "LowerOrUpper\LowerOrUpper.vcxproj", "{DD59B1F0-3344-4890-B965-F713DF409D53}"
EndProject
Project("{8BC9CEB8-8B4A-11D0-8D11-00A0C91BC942}") = "MakingAShape", "MakingAShape\MakingAShape.vcxproj", "{609D50F6-740C-41CB-99AA-4017EC878DCD}"
EndProject
Project("{8BC9CEB8-8B4A-11D0-8D11-00A0C91BC942}") = "Banking", "Banking\Banking.vcxproj", "{08C0FF3F-58AC-4FB3-94A3-767B38990178}"
EndProject
Project("{8BC9CEB8-8B4A-11D0-8D11-00A0C91BC942}") = "DrawingABox", "DrawingABox\DrawingABox.vcxproj", "{9C3142F2-868D-44EF-8117-B8984C3C115C}"
EndProject
Project("{8BC9CEB8-8B4A-11D0-8D11-00A0C91BC942}") = "Sum&Odd", "Sum&Odd\Sum&Odd.vcxproj", "{BEDF0664-F3E4-4D03-899F-F6A8E225D75B}"
EndProject
Project("{8BC9CEB8-8B4A-11D0-8D11-00A0C91BC942}") = "AddingFunction", "AddingFunction\AddingFunction.vcxproj", "{75118C6E-8938-4B41-8EA7-AC73B6B4B270}"
EndProject
Project("{8BC9CEB8-8B4A-11D0-8D11-00A0C91BC942}") = "CoffeeShop", "CoffeeShop\CoffeeShop.vcxproj", "{BD8B23CA-0F05-49CE-ABE5-9B009A3E58A7}"
EndProject
Project("{8BC9CEB8-8B4A-11D0-8D11-00A0C91BC942}") = "Name&Grades", "Name&Grades\Name&Grades.vcxproj", "{649C1253-5F4A-4385-99ED-263969A99B30}"
EndProject
Project("{8BC9CEB8-8B4A-11D0-8D11-00A0C91BC942}") = "Car&MPG", "Car&MPG\Car&MPG.vcxproj", "{7F7695B2-3BF1-4BEB-A912-4EF43D81F9BB}"
EndProject
Global
	GlobalSection(SolutionConfigurationPlatforms) = preSolution
		Debug|x64 = Debug|x64
		Debug|x86 = Debug|x86
		Release|x64 = Release|x64
		Release|x86 = Release|x86
	EndGlobalSection
	GlobalSection(ProjectConfigurationPlatforms) = postSolution
		{2BFA931A-2478-49E2-BCB6-A33105A34D65}.Debug|x64.ActiveCfg = Debug|x64
		{2BFA931A-2478-49E2-BCB6-A33105A34D65}.Debug|x64.Build.0 = Debug|x64
		{2BFA931A-2478-49E2-BCB6-A33105A34D65}.Debug|x86.ActiveCfg = Debug|Win32
		{2BFA931A-2478-49E2-BCB6-A33105A34D65}.Debug|x86.Build.0 = Debug|Win32
		{2BFA931A-2478-49E2-BCB6-A33105A34D65}.Release|x64.ActiveCfg = Release|x64
		{2BFA931A-2478-49E2-BCB6-A33105A34D65}.Release|x64.Build.0 = Release|x64
		{2BFA931A-2478-49E2-BCB6-A33105A34D65}.Release|x86.ActiveCfg = Release|Win32
		{2BFA931A-2478-49E2-BCB6-A33105A34D65}.Release|x86.Build.0 = Release|Win32
		{6A46DB12-82D9-43F1-9DF5-A49C553AB35B}.Debug|x64.ActiveCfg = Debug|x64
		{6A46DB12-82D9-43F1-9DF5-A49C553AB35B}.Debug|x64.Build.0 = Debug|x64
		{6A46DB12-82D9-43F1-9DF5-A49C553AB35B}.Debug|x86.ActiveCfg = Debug|Win32
		{6A46DB12-82D9-43F1-9DF5-A49C553AB35B}.Debug|x86.Build.0 = Debug|Win32
		{6A46DB12-82D9-43F1-9DF5-A49C553AB35B}.Release|x64.ActiveCfg = Release|x64
		{6A46DB12-82D9-43F1-9DF5-A49C553AB35B}.Release|x64.Build.0 = Release|x64
		{6A46DB12-82D9-43F1-9DF5-A49C553AB35B}.Release|x86.ActiveCfg = Release|Win32
		{6A46DB12-82D9-43F1-9DF5-A49C553AB35B}.Release|x86.Build.0 = Release|Win32
		{38B4283B-6DBE-40F1-BD32-6F3F181EF18A}.Debug|x64.ActiveCfg = Debug|x64
		{38B4283B-6DBE-40F1-BD32-6F3F181EF18A}.Debug|x64.Build.0 = Debug|x64
		{38B4283B-6DBE-40F1-BD32-6F3F181EF18A}.Debug|x86.ActiveCfg = Debug|Win32
		{38B4283B-6DBE-40F1-BD32-6F3F181EF18A}.Debug|x86.Build.0 = Debug|Win32
		{38B4283B-6DBE-40F1-BD32-6F3F181EF18A}.Release|x64.ActiveCfg = Release|x64
		{38B4283B-6DBE-40F1-BD32-6F3F181EF18A}.Release|x64.Build.0 = Release|x64
		{38B4283B-6DBE-40F1-BD32-6F3F181EF18A}.Release|x86.ActiveCfg = Release|Win32
		{38B4283B-6DBE-40F1-BD32-6F3F181EF18A}.Release|x86.Build.0 = Release|Win32
		{9CEEF103-F195-4314-9FF3-75BCA7ADEF25}.Debug|x64.ActiveCfg = Debug|x64
		{9CEEF103-F195-4314-9FF3-75BCA7ADEF25}.Debug|x64.Build.0 = Debug|x64
		{9CEEF103-F195-4314-9FF3-75BCA7ADEF25}.Debug|x86.ActiveCfg = Debug|Win32
		{9CEEF103-F195-4314-9FF3-75BCA7ADEF25}.Debug|x86.Build.0 = Debug|Win32
		{9CEEF103-F195-4314-9FF3-75BCA7ADEF25}.Release|x64.ActiveCfg = Release|x64
		{9CEEF103-F195-4314-9FF3-75BCA7ADEF25}.Release|x64.Build.0 = Release|x64
		{9CEEF103-F195-4314-9FF3-75BCA7ADEF25}.Release|x86.ActiveCfg = Release|Win32
		{9CEEF103-F195-4314-9FF3-75BCA7ADEF25}.Release|x86.Build.0 = Release|Win32
		{0E5B3B26-4449-46D0-BB91-3063F820316F}.Debug|x64.ActiveCfg = Debug|x64
		{0E5B3B26-4449-46D0-BB91-3063F820316F}.Debug|x64.Build.0 = Debug|x64
		{0E5B3B26-4449-46D0-BB91-3063F820316F}.Debug|x86.ActiveCfg = Debug|Win32
		{0E5B3B26-4449-46D0-BB91-3063F820316F}.Debug|x86.Build.0 = Debug|Win32
		{0E5B3B26-4449-46D0-BB91-3063F820316F}.Release|x64.ActiveCfg = Release|x64
		{0E5B3B26-4449-46D0-BB91-3063F820316F}.Release|x64.Build.0 = Release|x64
		{0E5B3B26-4449-46D0-BB91-3063F820316F}.Release|x86.ActiveCfg = Release|Win32
		{0E5B3B26-4449-46D0-BB91-3063F820316F}.Release|x86.Build.0 = Release|Win32
		{BBEA938A-1539-4D52-BC6A-6A4F47BBA7D9}.Debug|x64.ActiveCfg = Debug|x64
		{BBEA938A-1539-4D52-BC6A-6A4F47BBA7D9}.Debug|x64.Build.0 = Debug|x64
		{BBEA938A-1539-4D52-BC6A-6A4F47BBA7D9}.Debug|x86.ActiveCfg = Debug|Win32
		{BBEA938A-1539-4D52-BC6A-6A4F47BBA7D9}.Debug|x86.Build.0 = Debug|Win32
		{BBEA938A-1539-4D52-BC6A-6A4F47BBA7D9}.Release|x64.ActiveCfg = Release|x64
		{BBEA938A-1539-4D52-BC6A-6A4F47BBA7D9}.Release|x64.Build.0 = Release|x64
		{BBEA938A-1539-4D52-BC6A-6A4F47BBA7D9}.Release|x86.ActiveCfg = Release|Win32
		{BBEA938A-1539-4D52-BC6A-6A4F47BBA7D9}.Release|x86.Build.0 = Release|Win32
		{EE70A2FE-87DF-4DCD-BB19-92BB0624E8B4}.Debug|x64.ActiveCfg = Debug|x64
		{EE70A2FE-87DF-4DCD-BB19-92BB0624E8B4}.Debug|x64.Build.0 = Debug|x64
		{EE70A2FE-87DF-4DCD-BB19-92BB0624E8B4}.Debug|x86.ActiveCfg = Debug|Win32
		{EE70A2FE-87DF-4DCD-BB19-92BB0624E8B4}.Debug|x86.Build.0 = Debug|Win32
		{EE70A2FE-87DF-4DCD-BB19-92BB0624E8B4}.Release|x64.ActiveCfg = Release|x64
		{EE70A2FE-87DF-4DCD-BB19-92BB0624E8B4}.Release|x64.Build.0 = Release|x64
		{EE70A2FE-87DF-4DCD-BB19-92BB0624E8B4}.Release|x86.ActiveCfg = Release|Win32
		{EE70A2FE-87DF-4DCD-BB19-92BB0624E8B4}.Release|x86.Build.0 = Release|Win32
		{636AD41C-7AE5-478D-B866-59988A8CDC1C}.Debug|x64.ActiveCfg = Debug|x64
		{636AD41C-7AE5-478D-B866-59988A8CDC1C}.Debug|x64.Build.0 = Debug|x64
		{636AD41C-7AE5-478D-B866-59988A8CDC1C}.Debug|x86.ActiveCfg = Debug|Win32
		{636AD41C-7AE5-478D-B866-59988A8CDC1C}.Debug|x86.Build.0 = Debug|Win32
		{636AD41C-7AE5-478D-B866-59988A8CDC1C}.Release|x64.ActiveCfg = Release|x64
		{636AD41C-7AE5-478D-B866-59988A8CDC1C}.Release|x64.Build.0 = Release|x64
		{636AD41C-7AE5-478D-B866-59988A8CDC1C}.Release|x86.ActiveCfg = Release|Win32
		{636AD41C-7AE5-478D-B866-59988A8CDC1C}.Release|x86.Build.0 = Release|Win32
		{72092E50-5048-49E7-995B-C35C30736339}.Debug|x64.ActiveCfg = Debug|x64
		{72092E50-5048-49E7-995B-C35C30736339}.Debug|x64.Build.0 = Debug|x64
		{72092E50-5048-49E7-995B-C35C30736339}.Debug|x86.ActiveCfg = Debug|Win32
		{72092E50-5048-49E7-995B-C35C30736339}.Debug|x86.Build.0 = Debug|Win32
		{72092E50-5048-49E7-995B-C35C30736339}.Release|x64.ActiveCfg = Release|x64
		{72092E50-5048-49E7-995B-C35C30736339}.Release|x64.Build.0 = Release|x64
		{72092E50-5048-49E7-995B-C35C30736339}.Release|x86.ActiveCfg = Release|Win32
		{72092E50-5048-49E7-995B-C35C30736339}.Release|x86.Build.0 = Release|Win32
		{DD59B1F0-3344-4890-B965-F713DF409D53}.Debug|x64.ActiveCfg = Debug|x64
		{DD59B1F0-3344-4890-B965-F713DF409D53}.Debug|x64.Build.0 = Debug|x64
		{DD59B1F0-3344-4890-B965-F713DF409D53}.Debug|x86.ActiveCfg = Debug|Win32
		{DD59B1F0-3344-4890-B965-F713DF409D53}.Debug|x86.Build.0 = Debug|Win32
		{DD59B1F0-3344-4890-B965-F713DF409D53}.Release|x64.ActiveCfg = Release|x64
		{DD59B1F0-3344-4890-B965-F713DF409D53}.Release|x64.Build.0 = Release|x64
		{DD59B1F0-3344-4890-B965-F713DF409D53}.Release|x86.ActiveCfg = Release|Win32
		{DD59B1F0-3344-4890-B965-F713DF409D53}.Release|x86.Build.0 = Release|Win32
		{609D50F6-740C-41CB-99AA-4017EC878DCD}.Debug|x64.ActiveCfg = Debug|x64
		{609D50F6-740C-41CB-99AA-4017EC878DCD}.Debug|x64.Build.0 = Debug|x64
		{609D50F6-740C-41CB-99AA-4017EC878DCD}.Debug|x86.ActiveCfg = Debug|Win32
		{609D50F6-740C-41CB-99AA-4017EC878DCD}.Debug|x86.Build.0 = Debug|Win32
		{609D50F6-740C-41CB-99AA-4017EC878DCD}.Release|x64.ActiveCfg = Release|x64
		{609D50F6-740C-41CB-99AA-4017EC878DCD}.Release|x64.Build.0 = Release|x64
		{609D50F6-740C-41CB-99AA-4017EC878DCD}.Release|x86.ActiveCfg = Release|Win32
		{609D50F6-740C-41CB-99AA-4017EC878DCD}.Release|x86.Build.0 = Release|Win32
		{08C0FF3F-58AC-4FB3-94A3-767B38990178}.Debug|x64.ActiveCfg = Debug|x64
		{08C0FF3F-58AC-4FB3-94A3-767B38990178}.Debug|x64.Build.0 = Debug|x64
		{08C0FF3F-58AC-4FB3-94A3-767B38990178}.Debug|x86.ActiveCfg = Debug|Win32
		{08C0FF3F-58AC-4FB3-94A3-767B38990178}.Debug|x86.Build.0 = Debug|Win32
		{08C0FF3F-58AC-4FB3-94A3-767B38990178}.Release|x64.ActiveCfg = Release|x64
		{08C0FF3F-58AC-4FB3-94A3-767B38990178}.Release|x64.Build.0 = Release|x64
		{08C0FF3F-58AC-4FB3-94A3-767B38990178}.Release|x86.ActiveCfg = Release|Win32
		{08C0FF3F-58AC-4FB3-94A3-767B38990178}.Release|x86.Build.0 = Release|Win32
		{9C3142F2-868D-44EF-8117-B8984C3C115C}.Debug|x64.ActiveCfg = Debug|x64
		{9C3142F2-868D-44EF-8117-B8984C3C115C}.Debug|x64.Build.0 = Debug|x64
		{9C3142F2-868D-44EF-8117-B8984C3C115C}.Debug|x86.ActiveCfg = Debug|Win32
		{9C3142F2-868D-44EF-8117-B8984C3C115C}.Debug|x86.Build.0 = Debug|Win32
		{9C3142F2-868D-44EF-8117-B8984C3C115C}.Release|x64.ActiveCfg = Release|x64
		{9C3142F2-868D-44EF-8117-B8984C3C115C}.Release|x64.Build.0 = Release|x64
		{9C3142F2-868D-44EF-8117-B8984C3C115C}.Release|x86.ActiveCfg = Release|Win32
		{9C3142F2-868D-44EF-8117-B8984C3C115C}.Release|x86.Build.0 = Release|Win32
		{BEDF0664-F3E4-4D03-899F-F6A8E225D75B}.Debug|x64.ActiveCfg = Debug|x64
		{BEDF0664-F3E4-4D03-899F-F6A8E225D75B}.Debug|x64.Build.0 = Debug|x64
		{BEDF0664-F3E4-4D03-899F-F6A8E225D75B}.Debug|x86.ActiveCfg = Debug|Win32
		{BEDF0664-F3E4-4D03-899F-F6A8E225D75B}.Debug|x86.Build.0 = Debug|Win32
		{BEDF0664-F3E4-4D03-899F-F6A8E225D75B}.Release|x64.ActiveCfg = Release|x64
		{BEDF0664-F3E4-4D03-899F-F6A8E225D75B}.Release|x64.Build.0 = Release|x64
		{BEDF0664-F3E4-4D03-899F-F6A8E225D75B}.Release|x86.ActiveCfg = Release|Win32
		{BEDF0664-F3E4-4D03-899F-F6A8E225D75B}.Release|x86.Build.0 = Release|Win32
		{75118C6E-8938-4B41-8EA7-AC73B6B4B270}.Debug|x64.ActiveCfg = Debug|x64
		{75118C6E-8938-4B41-8EA7-AC73B6B4B270}.Debug|x64.Build.0 = Debug|x64
		{75118C6E-8938-4B41-8EA7-AC73B6B4B270}.Debug|x86.ActiveCfg = Debug|Win32
		{75118C6E-8938-4B41-8EA7-AC73B6B4B270}.Debug|x86.Build.0 = Debug|Win32
		{75118C6E-8938-4B41-8EA7-AC73B6B4B270}.Release|x64.ActiveCfg = Release|x64
		{75118C6E-8938-4B41-8EA7-AC73B6B4B270}.Release|x64.Build.0 = Release|x64
		{75118C6E-8938-4B41-8EA7-AC73B6B4B270}.Release|x86.ActiveCfg = Release|Win32
		{75118C6E-8938-4B41-8EA7-AC73B6B4B270}.Release|x86.Build.0 = Release|Win32
		{BD8B23CA-0F05-49CE-ABE5-9B009A3E58A7}.Debug|x64.ActiveCfg = Debug|x64
		{BD8B23CA-0F05-49CE-ABE5-9B009A3E58A7}.Debug|x64.Build.0 = Debug|x64
		{BD8B23CA-0F05-49CE-ABE5-9B009A3E58A7}.Debug|x86.ActiveCfg = Debug|Win32
		{BD8B23CA-0F05-49CE-ABE5-9B009A3E58A7}.Debug|x86.Build.0 = Debug|Win32
		{BD8B23CA-0F05-49CE-ABE5-9B009A3E58A7}.Release|x64.ActiveCfg = Release|x64
		{BD8B23CA-0F05-49CE-ABE5-9B009A3E58A7}.Release|x64.Build.0 = Release|x64
		{BD8B23CA-0F05-49CE-ABE5-9B009A3E58A7}.Release|x86.ActiveCfg = Release|Win32
		{BD8B23CA-0F05-49CE-ABE5-9B009A3E58A7}.Release|x86.Build.0 = Release|Win32
		{649C1253-5F4A-4385-99ED-263969A99B30}.Debug|x64.ActiveCfg = Debug|x64
		{649C1253-5F4A-4385-99ED-263969A99B30}.Debug|x64.Build.0 = Debug|x64
		{649C1253-5F4A-4385-99ED-263969A99B30}.Debug|x86.ActiveCfg = Debug|Win32
		{649C1253-5F4A-4385-99ED-263969A99B30}.Debug|x86.Build.0 = Debug|Win32
		{649C1253-5F4A-4385-99ED-263969A99B30}.Release|x64.ActiveCfg = Release|x64
		{649C1253-5F4A-4385-99ED-263969A99B30}.Release|x64.Build.0 = Release|x64
		{649C1253-5F4A-4385-99ED-263969A99B30}.Release|x86.ActiveCfg = Release|Win32
		{649C1253-5F4A-4385-99ED-263969A99B30}.Release|x86.Build.0 = Release|Win32
		{7F7695B2-3BF1-4BEB-A912-4EF43D81F9BB}.Debug|x64.ActiveCfg = Debug|x64
		{7F7695B2-3BF1-4BEB-A912-4EF43D81F9BB}.Debug|x64.Build.0 = Debug|x64
		{7F7695B2-3BF1-4BEB-A912-4EF43D81F9BB}.Debug|x86.ActiveCfg = Debug|Win32
		{7F7695B2-3BF1-4BEB-A912-4EF43D81F9BB}.Debug|x86.Build.0 = Debug|Win32
		{7F7695B2-3BF1-4BEB-A912-4EF43D81F9BB}.Release|x64.ActiveCfg = Release|x64
		{7F7695B2-3BF1-4BEB-A912-4EF43D81F9BB}.Release|x64.Build.0 = Release|x64
		{7F7695B2-3BF1-4BEB-A912-4EF43D81F9BB}.Release|x86.ActiveCfg = Release|Win32
		{7F7695B2-3BF1-4BEB-A912-4EF43D81F9BB}.Release|x86.Build.0 = Release|Win32
	EndGlobalSection
	GlobalSection(SolutionProperties) = preSolution
		HideSolutionNode = FALSE
	EndGlobalSection
	GlobalSection(NestedProjects) = preSolution
		{2BFA931A-2478-49E2-BCB6-A33105A34D65} = {C1BA1805-50FD-4489-BE94-0FD1C3C7896D}
		{6A46DB12-82D9-43F1-9DF5-A49C553AB35B} = {C1BA1805-50FD-4489-BE94-0FD1C3C7896D}
		{38B4283B-6DBE-40F1-BD32-6F3F181EF18A} = {C1BA1805-50FD-4489-BE94-0FD1C3C7896D}
		{9CEEF103-F195-4314-9FF3-75BCA7ADEF25} = {C1BA1805-50FD-4489-BE94-0FD1C3C7896D}
		{0E5B3B26-4449-46D0-BB91-3063F820316F} = {C1BA1805-50FD-4489-BE94-0FD1C3C7896D}
		{BBEA938A-1539-4D52-BC6A-6A4F47BBA7D9} = {C1BA1805-50FD-4489-BE94-0FD1C3C7896D}
		{EE70A2FE-87DF-4DCD-BB19-92BB0624E8B4} = {C1BA1805-50FD-4489-BE94-0FD1C3C7896D}
		{636AD41C-7AE5-478D-B866-59988A8CDC1C} = {C1BA1805-50FD-4489-BE94-0FD1C3C7896D}
		{72092E50-5048-49E7-995B-C35C30736339} = {C1BA1805-50FD-4489-BE94-0FD1C3C7896D}
		{DD59B1F0-3344-4890-B965-F713DF409D53} = {C1BA1805-50FD-4489-BE94-0FD1C3C7896D}
		{609D50F6-740C-41CB-99AA-4017EC878DCD} = {C1BA1805-50FD-4489-BE94-0FD1C3C7896D}
		{08C0FF3F-58AC-4FB3-94A3-767B38990178} = {C1BA1805-50FD-4489-BE94-0FD1C3C7896D}
		{9C3142F2-868D-44EF-8117-B8984C3C115C} = {C1BA1805-50FD-4489-BE94-0FD1C3C7896D}
		{BEDF0664-F3E4-4D03-899F-F6A8E225D75B} = {C1BA1805-50FD-4489-BE94-0FD1C3C7896D}
		{75118C6E-8938-4B41-8EA7-AC73B6B4B270} = {C1BA1805-50FD-4489-BE94-0FD1C3C7896D}
		{BD8B23CA-0F05-49CE-ABE5-9B009A3E58A7} = {C1BA1805-50FD-4489-BE94-0FD1C3C7896D}
		{649C1253-5F4A-4385-99ED-263969A99B30} = {C1BA1805-50FD-4489-BE94-0FD1C3C7896D}
		{7F7695B2-3BF1-4BEB-A912-4EF43D81F9BB} = {C1BA1805-50FD-4489-BE94-0FD1C3C7896D}
	EndGlobalSection
	GlobalSection(ExtensibilityGlobals) = postSolution
		SolutionGuid = {02C424ED-EA15-4081-8562-002CC6020945}
	EndGlobalSection
EndGlobal
